
Microsoft Visual Studio Solution File, Format Version 12.00
# Visual Studio 15
Project("{FAE04EC0-301F-11D3-BF4B-00C04F79EFBC}") = "UnityEngine.UI", "UnityEngine.UI.csproj", "{611AD780-CBFB-1B4C-E558-5537047C79D6}"
EndProject
Project("{FAE04EC0-301F-11D3-BF4B-00C04F79EFBC}") = "Assembly-CSharp", "Assembly-CSharp.csproj", "{198133DE-9B6D-6C86-3581-E3DEF0EB2250}"
EndProject
Project("{FAE04EC0-301F-11D3-BF4B-00C04F79EFBC}") = "UnityEngine.TestRunner", "UnityEngine.TestRunner.csproj", "{D3330929-D0D1-DC93-7722-62BB4D8DB8DE}"
EndProject
Project("{FAE04EC0-301F-11D3-BF4B-00C04F79EFBC}") = "Unity.Mathematics", "Unity.Mathematics.csproj", "{0C35EDDC-AC3F-3F21-F618-CCC80E4A1EC3}"
EndProject
Project("{FAE04EC0-301F-11D3-BF4B-00C04F79EFBC}") = "Unity.InputSystem", "Unity.InputSystem.csproj", "{3BC519CA-4AED-21F4-797B-F5DBE8FD4946}"
EndProject
Project("{FAE04EC0-301F-11D3-BF4B-00C04F79EFBC}") = "Unity.Timeline", "Unity.Timeline.csproj", "{FC5C424C-A462-6818-8648-20A5F268D3DE}"
EndProject
Project("{FAE04EC0-301F-11D3-BF4B-00C04F79EFBC}") = "Unity.Postprocessing.Runtime", "Unity.Postprocessing.Runtime.csproj", "{94859541-8B7E-6D31-00E1-B4A8671177CD}"
EndProject
Project("{FAE04EC0-301F-11D3-BF4B-00C04F79EFBC}") = "Cinemachine", "Cinemachine.csproj", "{F5299623-C5E4-B04E-2F75-C674B38317AE}"
EndProject
Project("{FAE04EC0-301F-11D3-BF4B-00C04F79EFBC}") = "Unity.TextMeshPro", "Unity.TextMeshPro.csproj", "{F915B1A2-7E8E-789C-BB7A-0002E9410052}"
EndProject
Project("{FAE04EC0-301F-11D3-BF4B-00C04F79EFBC}") = "Unity.CollabProxy.Editor", "Unity.CollabProxy.Editor.csproj", "{D1C48E1D-827D-530C-3C28-E0C525EEC1B6}"
EndProject
Project("{FAE04EC0-301F-11D3-BF4B-00C04F79EFBC}") = "UnityEditor.TestRunner", "UnityEditor.TestRunner.csproj", "{64024D20-2DC1-390A-A805-3475456FEEF0}"
EndProject
Project("{FAE04EC0-301F-11D3-BF4B-00C04F79EFBC}") = "Unity.PlasticSCM.Editor", "Unity.PlasticSCM.Editor.csproj", "{2597BCAF-6516-9A7F-37CA-54DC2B37D468}"
EndProject
Project("{FAE04EC0-301F-11D3-BF4B-00C04F79EFBC}") = "UnityEditor.UI", "UnityEditor.UI.csproj", "{E583CC09-8411-8464-E4BB-E92265CE9C96}"
EndProject
Project("{FAE04EC0-301F-11D3-BF4B-00C04F79EFBC}") = "Unity.Services.Core.Editor", "Unity.Services.Core.Editor.csproj", "{E4AA24DF-4FEE-14DC-75F2-004DC8C24AA1}"
EndProject
Project("{FAE04EC0-301F-11D3-BF4B-00C04F79EFBC}") = "Unity.Timeline.Editor", "Unity.Timeline.Editor.csproj", "{3CDCC64A-5560-D220-23CD-60F736F274E9}"
EndProject
Project("{FAE04EC0-301F-11D3-BF4B-00C04F79EFBC}") = "Unity.VisualStudio.Editor", "Unity.VisualStudio.Editor.csproj", "{3DB0048A-DF42-0293-FC1B-77F79B02C25B}"
EndProject
Project("{FAE04EC0-301F-11D3-BF4B-00C04F79EFBC}") = "com.unity.cinemachine.editor", "com.unity.cinemachine.editor.csproj", "{6B9A6AEF-369F-23C5-A428-8E5DD1125628}"
EndProject
Project("{FAE04EC0-301F-11D3-BF4B-00C04F79EFBC}") = "Unity.TextMeshPro.Editor", "Unity.TextMeshPro.Editor.csproj", "{340C3660-58D2-26A5-5AF9-03393A451927}"
EndProject
Project("{FAE04EC0-301F-11D3-BF4B-00C04F79EFBC}") = "Unity.Postprocessing.Editor", "Unity.Postprocessing.Editor.csproj", "{C044F476-3906-DF55-D51A-F2C612D2B896}"
EndProject
Project("{FAE04EC0-301F-11D3-BF4B-00C04F79EFBC}") = "Unity.Rider.Editor", "Unity.Rider.Editor.csproj", "{6C21F023-B5E7-89E9-BCC3-7A5E746CE547}"
EndProject
Project("{FAE04EC0-301F-11D3-BF4B-00C04F79EFBC}") = "Assembly-CSharp-Editor", "Assembly-CSharp-Editor.csproj", "{AF8AE21C-69BA-EA2F-A2BE-AA6FD1E52B32}"
EndProject
Project("{FAE04EC0-301F-11D3-BF4B-00C04F79EFBC}") = "Unity.VSCode.Editor", "Unity.VSCode.Editor.csproj", "{577C690B-8930-367C-A70C-15CAF76234ED}"
EndProject
Project("{FAE04EC0-301F-11D3-BF4B-00C04F79EFBC}") = "Unity.Mathematics.Editor", "Unity.Mathematics.Editor.csproj", "{5D36C025-37AB-C7C8-3247-6BA7B92964EF}"
EndProject
Project("{FAE04EC0-301F-11D3-BF4B-00C04F79EFBC}") = "UnityEngine.UI", "UnityEngine.UI.Player.csproj", "{96395FAE-D895-D67E-7535-22A0CC79C286}"
EndProject
Project("{FAE04EC0-301F-11D3-BF4B-00C04F79EFBC}") = "Assembly-CSharp", "Assembly-CSharp.Player.csproj", "{A96DAFBC-D033-3100-D3CE-7F4765FAEEEA}"
EndProject
Project("{FAE04EC0-301F-11D3-BF4B-00C04F79EFBC}") = "UnityEngine.TestRunner", "UnityEngine.TestRunner.Player.csproj", "{14C644FB-A86B-DA51-A52B-3549D4D22582}"
EndProject
Project("{FAE04EC0-301F-11D3-BF4B-00C04F79EFBC}") = "Unity.Mathematics", "Unity.Mathematics.Player.csproj", "{54453956-FD4F-C1CE-BCE4-552843B30AD3}"
EndProject
Project("{FAE04EC0-301F-11D3-BF4B-00C04F79EFBC}") = "Unity.InputSystem", "Unity.InputSystem.Player.csproj", "{7D8A58E8-5F0E-96F1-A27E-220B4A6B071F}"
EndProject
Project("{FAE04EC0-301F-11D3-BF4B-00C04F79EFBC}") = "Unity.Timeline", "Unity.Timeline.Player.csproj", "{5CF6E8D4-ABA6-E7BF-BA63-69BAE7A64446}"
EndProject
Project("{FAE04EC0-301F-11D3-BF4B-00C04F79EFBC}") = "Unity.Postprocessing.Runtime", "Unity.Postprocessing.Runtime.Player.csproj", "{E50E9B1D-1478-DE10-F8F6-06D113C3A67F}"
EndProject
Project("{FAE04EC0-301F-11D3-BF4B-00C04F79EFBC}") = "Cinemachine", "Cinemachine.Player.csproj", "{E281DD10-D761-7B17-0BB3-28AC2C602F85}"
EndProject
Project("{FAE04EC0-301F-11D3-BF4B-00C04F79EFBC}") = "Unity.TextMeshPro", "Unity.TextMeshPro.Player.csproj", "{0BF7CA16-232E-E8BC-01DF-ABD24ED394D8}"
EndProject
Global
	GlobalSection(SolutionConfigurationPlatforms) = preSolution
		Debug|Any CPU = Debug|Any CPU
		Release|Any CPU = Release|Any CPU
	EndGlobalSection
	GlobalSection(ProjectConfigurationPlatforms) = postSolution
		{611AD780-CBFB-1B4C-E558-5537047C79D6}.Debug|Any CPU.ActiveCfg = Debug|Any CPU
		{611AD780-CBFB-1B4C-E558-5537047C79D6}.Debug|Any CPU.Build.0 = Debug|Any CPU
		{611AD780-CBFB-1B4C-E558-5537047C79D6}.Release|Any CPU.ActiveCfg = Release|Any CPU
		{611AD780-CBFB-1B4C-E558-5537047C79D6}.Release|Any CPU.Build.0 = Release|Any CPU
		{198133DE-9B6D-6C86-3581-E3DEF0EB2250}.Debug|Any CPU.ActiveCfg = Debug|Any CPU
		{198133DE-9B6D-6C86-3581-E3DEF0EB2250}.Debug|Any CPU.Build.0 = Debug|Any CPU
		{198133DE-9B6D-6C86-3581-E3DEF0EB2250}.Release|Any CPU.ActiveCfg = Release|Any CPU
		{198133DE-9B6D-6C86-3581-E3DEF0EB2250}.Release|Any CPU.Build.0 = Release|Any CPU
		{D3330929-D0D1-DC93-7722-62BB4D8DB8DE}.Debug|Any CPU.ActiveCfg = Debug|Any CPU
		{D3330929-D0D1-DC93-7722-62BB4D8DB8DE}.Debug|Any CPU.Build.0 = Debug|Any CPU
		{D3330929-D0D1-DC93-7722-62BB4D8DB8DE}.Release|Any CPU.ActiveCfg = Release|Any CPU
		{D3330929-D0D1-DC93-7722-62BB4D8DB8DE}.Release|Any CPU.Build.0 = Release|Any CPU
		{0C35EDDC-AC3F-3F21-F618-CCC80E4A1EC3}.Debug|Any CPU.ActiveCfg = Debug|Any CPU
		{0C35EDDC-AC3F-3F21-F618-CCC80E4A1EC3}.Debug|Any CPU.Build.0 = Debug|Any CPU
		{0C35EDDC-AC3F-3F21-F618-CCC80E4A1EC3}.Release|Any CPU.ActiveCfg = Release|Any CPU
		{0C35EDDC-AC3F-3F21-F618-CCC80E4A1EC3}.Release|Any CPU.Build.0 = Release|Any CPU
		{3BC519CA-4AED-21F4-797B-F5DBE8FD4946}.Debug|Any CPU.ActiveCfg = Debug|Any CPU
		{3BC519CA-4AED-21F4-797B-F5DBE8FD4946}.Debug|Any CPU.Build.0 = Debug|Any CPU
		{3BC519CA-4AED-21F4-797B-F5DBE8FD4946}.Release|Any CPU.ActiveCfg = Release|Any CPU
		{3BC519CA-4AED-21F4-797B-F5DBE8FD4946}.Release|Any CPU.Build.0 = Release|Any CPU
		{FC5C424C-A462-6818-8648-20A5F268D3DE}.Debug|Any CPU.ActiveCfg = Debug|Any CPU
		{FC5C424C-A462-6818-8648-20A5F268D3DE}.Debug|Any CPU.Build.0 = Debug|Any CPU
		{FC5C424C-A462-6818-8648-20A5F268D3DE}.Release|Any CPU.ActiveCfg = Release|Any CPU
		{FC5C424C-A462-6818-8648-20A5F268D3DE}.Release|Any CPU.Build.0 = Release|Any CPU
		{94859541-8B7E-6D31-00E1-B4A8671177CD}.Debug|Any CPU.ActiveCfg = Debug|Any CPU
		{94859541-8B7E-6D31-00E1-B4A8671177CD}.Debug|Any CPU.Build.0 = Debug|Any CPU
		{94859541-8B7E-6D31-00E1-B4A8671177CD}.Release|Any CPU.ActiveCfg = Release|Any CPU
		{94859541-8B7E-6D31-00E1-B4A8671177CD}.Release|Any CPU.Build.0 = Release|Any CPU
		{F5299623-C5E4-B04E-2F75-C674B38317AE}.Debug|Any CPU.ActiveCfg = Debug|Any CPU
		{F5299623-C5E4-B04E-2F75-C674B38317AE}.Debug|Any CPU.Build.0 = Debug|Any CPU
		{F5299623-C5E4-B04E-2F75-C674B38317AE}.Release|Any CPU.ActiveCfg = Release|Any CPU
		{F5299623-C5E4-B04E-2F75-C674B38317AE}.Release|Any CPU.Build.0 = Release|Any CPU
		{F915B1A2-7E8E-789C-BB7A-0002E9410052}.Debug|Any CPU.ActiveCfg = Debug|Any CPU
		{F915B1A2-7E8E-789C-BB7A-0002E9410052}.Debug|Any CPU.Build.0 = Debug|Any CPU
		{F915B1A2-7E8E-789C-BB7A-0002E9410052}.Release|Any CPU.ActiveCfg = Release|Any CPU
		{F915B1A2-7E8E-789C-BB7A-0002E9410052}.Release|Any CPU.Build.0 = Release|Any CPU
		{D1C48E1D-827D-530C-3C28-E0C525EEC1B6}.Debug|Any CPU.ActiveCfg = Debug|Any CPU
		{D1C48E1D-827D-530C-3C28-E0C525EEC1B6}.Debug|Any CPU.Build.0 = Debug|Any CPU
		{D1C48E1D-827D-530C-3C28-E0C525EEC1B6}.Release|Any CPU.ActiveCfg = Release|Any CPU
		{D1C48E1D-827D-530C-3C28-E0C525EEC1B6}.Release|Any CPU.Build.0 = Release|Any CPU
		{64024D20-2DC1-390A-A805-3475456FEEF0}.Debug|Any CPU.ActiveCfg = Debug|Any CPU
		{64024D20-2DC1-390A-A805-3475456FEEF0}.Debug|Any CPU.Build.0 = Debug|Any CPU
		{64024D20-2DC1-390A-A805-3475456FEEF0}.Release|Any CPU.ActiveCfg = Release|Any CPU
		{64024D20-2DC1-390A-A805-3475456FEEF0}.Release|Any CPU.Build.0 = Release|Any CPU
		{2597BCAF-6516-9A7F-37CA-54DC2B37D468}.Debug|Any CPU.ActiveCfg = Debug|Any CPU
		{2597BCAF-6516-9A7F-37CA-54DC2B37D468}.Debug|Any CPU.Build.0 = Debug|Any CPU
		{2597BCAF-6516-9A7F-37CA-54DC2B37D468}.Release|Any CPU.ActiveCfg = Release|Any CPU
		{2597BCAF-6516-9A7F-37CA-54DC2B37D468}.Release|Any CPU.Build.0 = Release|Any CPU
		{E583CC09-8411-8464-E4BB-E92265CE9C96}.Debug|Any CPU.ActiveCfg = Debug|Any CPU
		{E583CC09-8411-8464-E4BB-E92265CE9C96}.Debug|Any CPU.Build.0 = Debug|Any CPU
		{E583CC09-8411-8464-E4BB-E92265CE9C96}.Release|Any CPU.ActiveCfg = Release|Any CPU
		{E583CC09-8411-8464-E4BB-E92265CE9C96}.Release|Any CPU.Build.0 = Release|Any CPU
		{E4AA24DF-4FEE-14DC-75F2-004DC8C24AA1}.Debug|Any CPU.ActiveCfg = Debug|Any CPU
		{E4AA24DF-4FEE-14DC-75F2-004DC8C24AA1}.Debug|Any CPU.Build.0 = Debug|Any CPU
		{E4AA24DF-4FEE-14DC-75F2-004DC8C24AA1}.Release|Any CPU.ActiveCfg = Release|Any CPU
		{E4AA24DF-4FEE-14DC-75F2-004DC8C24AA1}.Release|Any CPU.Build.0 = Release|Any CPU
		{3CDCC64A-5560-D220-23CD-60F736F274E9}.Debug|Any CPU.ActiveCfg = Debug|Any CPU
		{3CDCC64A-5560-D220-23CD-60F736F274E9}.Debug|Any CPU.Build.0 = Debug|Any CPU
		{3CDCC64A-5560-D220-23CD-60F736F274E9}.Release|Any CPU.ActiveCfg = Release|Any CPU
		{3CDCC64A-5560-D220-23CD-60F736F274E9}.Release|Any CPU.Build.0 = Release|Any CPU
		{3DB0048A-DF42-0293-FC1B-77F79B02C25B}.Debug|Any CPU.ActiveCfg = Debug|Any CPU
		{3DB0048A-DF42-0293-FC1B-77F79B02C25B}.Debug|Any CPU.Build.0 = Debug|Any CPU
		{3DB0048A-DF42-0293-FC1B-77F79B02C25B}.Release|Any CPU.ActiveCfg = Release|Any CPU
		{3DB0048A-DF42-0293-FC1B-77F79B02C25B}.Release|Any CPU.Build.0 = Release|Any CPU
		{6B9A6AEF-369F-23C5-A428-8E5DD1125628}.Debug|Any CPU.ActiveCfg = Debug|Any CPU
		{6B9A6AEF-369F-23C5-A428-8E5DD1125628}.Debug|Any CPU.Build.0 = Debug|Any CPU
		{6B9A6AEF-369F-23C5-A428-8E5DD1125628}.Release|Any CPU.ActiveCfg = Release|Any CPU
		{6B9A6AEF-369F-23C5-A428-8E5DD1125628}.Release|Any CPU.Build.0 = Release|Any CPU
		{340C3660-58D2-26A5-5AF9-03393A451927}.Debug|Any CPU.ActiveCfg = Debug|Any CPU
		{340C3660-58D2-26A5-5AF9-03393A451927}.Debug|Any CPU.Build.0 = Debug|Any CPU
		{340C3660-58D2-26A5-5AF9-03393A451927}.Release|Any CPU.ActiveCfg = Release|Any CPU
		{340C3660-58D2-26A5-5AF9-03393A451927}.Release|Any CPU.Build.0 = Release|Any CPU
		{C044F476-3906-DF55-D51A-F2C612D2B896}.Debug|Any CPU.ActiveCfg = Debug|Any CPU
		{C044F476-3906-DF55-D51A-F2C612D2B896}.Debug|Any CPU.Build.0 = Debug|Any CPU
		{C044F476-3906-DF55-D51A-F2C612D2B896}.Release|Any CPU.ActiveCfg = Release|Any CPU
		{C044F476-3906-DF55-D51A-F2C612D2B896}.Release|Any CPU.Build.0 = Release|Any CPU
		{6C21F023-B5E7-89E9-BCC3-7A5E746CE547}.Debug|Any CPU.ActiveCfg = Debug|Any CPU
		{6C21F023-B5E7-89E9-BCC3-7A5E746CE547}.Debug|Any CPU.Build.0 = Debug|Any CPU
		{6C21F023-B5E7-89E9-BCC3-7A5E746CE547}.Release|Any CPU.ActiveCfg = Release|Any CPU
		{6C21F023-B5E7-89E9-BCC3-7A5E746CE547}.Release|Any CPU.Build.0 = Release|Any CPU
		{AF8AE21C-69BA-EA2F-A2BE-AA6FD1E52B32}.Debug|Any CPU.ActiveCfg = Debug|Any CPU
		{AF8AE21C-69BA-EA2F-A2BE-AA6FD1E52B32}.Debug|Any CPU.Build.0 = Debug|Any CPU
		{AF8AE21C-69BA-EA2F-A2BE-AA6FD1E52B32}.Release|Any CPU.ActiveCfg = Release|Any CPU
		{AF8AE21C-69BA-EA2F-A2BE-AA6FD1E52B32}.Release|Any CPU.Build.0 = Release|Any CPU
		{577C690B-8930-367C-A70C-15CAF76234ED}.Debug|Any CPU.ActiveCfg = Debug|Any CPU
		{577C690B-8930-367C-A70C-15CAF76234ED}.Debug|Any CPU.Build.0 = Debug|Any CPU
		{577C690B-8930-367C-A70C-15CAF76234ED}.Release|Any CPU.ActiveCfg = Release|Any CPU
		{577C690B-8930-367C-A70C-15CAF76234ED}.Release|Any CPU.Build.0 = Release|Any CPU
		{5D36C025-37AB-C7C8-3247-6BA7B92964EF}.Debug|Any CPU.ActiveCfg = Debug|Any CPU
		{5D36C025-37AB-C7C8-3247-6BA7B92964EF}.Debug|Any CPU.Build.0 = Debug|Any CPU
		{5D36C025-37AB-C7C8-3247-6BA7B92964EF}.Release|Any CPU.ActiveCfg = Release|Any CPU
		{5D36C025-37AB-C7C8-3247-6BA7B92964EF}.Release|Any CPU.Build.0 = Release|Any CPU
		{96395FAE-D895-D67E-7535-22A0CC79C286}.Debug|Any CPU.ActiveCfg = Debug|Any CPU
		{96395FAE-D895-D67E-7535-22A0CC79C286}.Debug|Any CPU.Build.0 = Debug|Any CPU
		{96395FAE-D895-D67E-7535-22A0CC79C286}.Release|Any CPU.ActiveCfg = Release|Any CPU
		{96395FAE-D895-D67E-7535-22A0CC79C286}.Release|Any CPU.Build.0 = Release|Any CPU
		{A96DAFBC-D033-3100-D3CE-7F4765FAEEEA}.Debug|Any CPU.ActiveCfg = Debug|Any CPU
		{A96DAFBC-D033-3100-D3CE-7F4765FAEEEA}.Debug|Any CPU.Build.0 = Debug|Any CPU
		{A96DAFBC-D033-3100-D3CE-7F4765FAEEEA}.Release|Any CPU.ActiveCfg = Release|Any CPU
		{A96DAFBC-D033-3100-D3CE-7F4765FAEEEA}.Release|Any CPU.Build.0 = Release|Any CPU
		{14C644FB-A86B-DA51-A52B-3549D4D22582}.Debug|Any CPU.ActiveCfg = Debug|Any CPU
		{14C644FB-A86B-DA51-A52B-3549D4D22582}.Debug|Any CPU.Build.0 = Debug|Any CPU
		{14C644FB-A86B-DA51-A52B-3549D4D22582}.Release|Any CPU.ActiveCfg = Release|Any CPU
		{14C644FB-A86B-DA51-A52B-3549D4D22582}.Release|Any CPU.Build.0 = Release|Any CPU
		{54453956-FD4F-C1CE-BCE4-552843B30AD3}.Debug|Any CPU.ActiveCfg = Debug|Any CPU
		{54453956-FD4F-C1CE-BCE4-552843B30AD3}.Debug|Any CPU.Build.0 = Debug|Any CPU
		{54453956-FD4F-C1CE-BCE4-552843B30AD3}.Release|Any CPU.ActiveCfg = Release|Any CPU
		{54453956-FD4F-C1CE-BCE4-552843B30AD3}.Release|Any CPU.Build.0 = Release|Any CPU
		{7D8A58E8-5F0E-96F1-A27E-220B4A6B071F}.Debug|Any CPU.ActiveCfg = Debug|Any CPU
		{7D8A58E8-5F0E-96F1-A27E-220B4A6B071F}.Debug|Any CPU.Build.0 = Debug|Any CPU
		{7D8A58E8-5F0E-96F1-A27E-220B4A6B071F}.Release|Any CPU.ActiveCfg = Release|Any CPU
		{7D8A58E8-5F0E-96F1-A27E-220B4A6B071F}.Release|Any CPU.Build.0 = Release|Any CPU
		{5CF6E8D4-ABA6-E7BF-BA63-69BAE7A64446}.Debug|Any CPU.ActiveCfg = Debug|Any CPU
		{5CF6E8D4-ABA6-E7BF-BA63-69BAE7A64446}.Debug|Any CPU.Build.0 = Debug|Any CPU
		{5CF6E8D4-ABA6-E7BF-BA63-69BAE7A64446}.Release|Any CPU.ActiveCfg = Release|Any CPU
		{5CF6E8D4-ABA6-E7BF-BA63-69BAE7A64446}.Release|Any CPU.Build.0 = Release|Any CPU
		{E50E9B1D-1478-DE10-F8F6-06D113C3A67F}.Debug|Any CPU.ActiveCfg = Debug|Any CPU
		{E50E9B1D-1478-DE10-F8F6-06D113C3A67F}.Debug|Any CPU.Build.0 = Debug|Any CPU
		{E50E9B1D-1478-DE10-F8F6-06D113C3A67F}.Release|Any CPU.ActiveCfg = Release|Any CPU
		{E50E9B1D-1478-DE10-F8F6-06D113C3A67F}.Release|Any CPU.Build.0 = Release|Any CPU
		{E281DD10-D761-7B17-0BB3-28AC2C602F85}.Debug|Any CPU.ActiveCfg = Debug|Any CPU
		{E281DD10-D761-7B17-0BB3-28AC2C602F85}.Debug|Any CPU.Build.0 = Debug|Any CPU
		{E281DD10-D761-7B17-0BB3-28AC2C602F85}.Release|Any CPU.ActiveCfg = Release|Any CPU
		{E281DD10-D761-7B17-0BB3-28AC2C602F85}.Release|Any CPU.Build.0 = Release|Any CPU
		{0BF7CA16-232E-E8BC-01DF-ABD24ED394D8}.Debug|Any CPU.ActiveCfg = Debug|Any CPU
		{0BF7CA16-232E-E8BC-01DF-ABD24ED394D8}.Debug|Any CPU.Build.0 = Debug|Any CPU
		{0BF7CA16-232E-E8BC-01DF-ABD24ED394D8}.Release|Any CPU.ActiveCfg = Release|Any CPU
		{0BF7CA16-232E-E8BC-01DF-ABD24ED394D8}.Release|Any CPU.Build.0 = Release|Any CPU
	EndGlobalSection
	GlobalSection(SolutionProperties) = preSolution
		HideSolutionNode = FALSE
	EndGlobalSection
EndGlobal
